PODS:
  - SwiftUIKitExtensions (0.1.1)

DEPENDENCIES:
  - SwiftUIKitExtensions (from `../`)

EXTERNAL SOURCES:
  SwiftUIKitExtensions:
    :path: "../"

SPEC CHECKSUMS:
  SwiftUIKitExtensions: 8c59feeb2d5b5654337627bddf0724efcf5dd82e

PODFILE CHECKSUM: 7ad5e12d567117a704b12281a2f2fbb57a18f5c1

COCOAPODS: 1.11.2
